// !$*UTF8*$!
{
	archiveVersion = 1;
	classes = {
	};
	objectVersion = 51;
	objects = {

/* Begin PBXBuildFile section */
		7B0EB118249A47F3008C03FB /* AppDelegate.swift in Sources */ = {isa = PBXBuildFile; fileRef = 7B0EB117249A47F3008C03FB /* AppDelegate.swift */; };
		7B0EB11A249A47F3008C03FB /* SceneDelegate.swift in Sources */ = {isa = PBXBuildFile; fileRef = 7B0EB119249A47F3008C03FB /* SceneDelegate.swift */; };
		7B0EB11C249A47F3008C03FB /* ViewController.swift in Sources */ = {isa = PBXBuildFile; fileRef = 7B0EB11B249A47F3008C03FB /* ViewController.swift */; };
		7B0EB11F249A47F3008C03FB /* Main.storyboard in Resources */ = {isa = PBXBuildFile; fileRef = 7B0EB11D249A47F3008C03FB /* Main.storyboard */; };
		7B0EB121249A47F5008C03FB /* Assets.xcassets in Resources */ = {isa = PBXBuildFile; fileRef = 7B0EB120249A47F5008C03FB /* Assets.xcassets */; };
		7B0EB124249A47F5008C03FB /* LaunchScreen.storyboard in Resources */ = {isa = PBXBuildFile; fileRef = 7B0EB122249A47F5008C03FB /* LaunchScreen.storyboard */; };
		7B0EB12C249A487C008C03FB /* GoogleService-Info.plist in Resources */ = {isa = PBXBuildFile; fileRef = 7B0EB12B249A487B008C03FB /* GoogleService-Info.plist */; };
		7B0EB12E249A49D6008C03FB /* MyTableViewCell.swift in Sources */ = {isa = PBXBuildFile; fileRef = 7B0EB12D249A49D6008C03FB /* MyTableViewCell.swift */; };
		7B0EB130249A4A34008C03FB /* MyProfilePage.swift in Sources */ = {isa = PBXBuildFile; fileRef = 7B0EB12F249A4A34008C03FB /* MyProfilePage.swift */; };
		B6224D13CFDAA1E2762FF101 /* Pods_FirebaseDataDisplay.framework in Frameworks */ = {isa = PBXBuildFile; fileRef = 60FA753FBE1339521CAE1B7C /* Pods_FirebaseDataDisplay.framework */; };
/* End PBXBuildFile section */

/* Begin PBXFileReference section */
		37154739FAE3BE8AAC94BBB8 /* Pods-FirebaseDataDisplay.release.xcconfig */ = {isa = PBXFileReference; includeInIndex = 1; lastKnownFileType = text.xcconfig; name = "Pods-FirebaseDataDisplay.release.xcconfig"; path = "Target Support Files/Pods-FirebaseDataDisplay/Pods-FirebaseDataDisplay.release.xcconfig"; sourceTree = "<group>"; };
		60FA753FBE1339521CAE1B7C /* Pods_FirebaseDataDisplay.framework */ = {isa = PBXFileReference; explicitFileType = wrapper.framework; includeInIndex = 0; path = Pods_FirebaseDataDisplay.framework; sourceTree = BUILT_PRODUCTS_DIR; };
		7B0EB114249A47F3008C03FB /* FirebaseDataDisplay.app */ = {isa = PBXFileReference; explicitFileType = wrapper.application; includeInIndex = 0; path = FirebaseDataDisplay.app; sourceTree = BUILT_PRODUCTS_DIR; };
		7B0EB117249A47F3008C03FB /* AppDelegate.swift */ = {isa = PBXFileReference; lastKnownFileType = sourcecode.swift; path = AppDelegate.swift; sourceTree = "<group>"; };
		7B0EB119249A47F3008C03FB /* SceneDelegate.swift */ = {isa = PBXFileReference; lastKnownFileType = sourcecode.swift; path = SceneDelegate.swift; sourceTree = "<group>"; };
		7B0EB11B249A47F3008C03FB /* ViewController.swift */ = {isa = PBXFileReference; lastKnownFileType = sourcecode.swift; path = ViewController.swift; sourceTree = "<group>"; };
		7B0EB11E249A47F3008C03FB /* Base */ = {isa = PBXFileReference; lastKnownFileType = file.storyboard; name = Base; path = Base.lproj/Main.storyboard; sourceTree = "<group>"; };
		7B0EB120249A47F5008C03FB /* Assets.xcassets */ = {isa = PBXFileReference; lastKnownFileType = folder.assetcatalog; path = Assets.xcassets; sourceTree = "<group>"; };
		7B0EB123249A47F5008C03FB /* Base */ = {isa = PBXFileReference; lastKnownFileType = file.storyboard; name = Base; path = Base.lproj/LaunchScreen.storyboard; sourceTree = "<group>"; };
		7B0EB125249A47F5008C03FB /* Info.plist */ = {isa = PBXFileReference; lastKnownFileType = text.plist.xml; path = Info.plist; sourceTree = "<group>"; };
		7B0EB12B249A487B008C03FB /* GoogleService-Info.plist */ = {isa = PBXFileReference; fileEncoding = 4; lastKnownFileType = text.plist.xml; path = "GoogleService-Info.plist"; sourceTree = "<group>"; };
		7B0EB12D249A49D6008C03FB /* MyTableViewCell.swift */ = {isa = PBXFileReference; lastKnownFileType = sourcecode.swift; path = MyTableViewCell.swift; sourceTree = "<group>"; };
		7B0EB12F249A4A34008C03FB /* MyProfilePage.swift */ = {isa = PBXFileReference; lastKnownFileType = sourcecode.swift; path = MyProfilePage.swift; sourceTree = "<group>"; };
		CA0BC40E43F385D0B66FC5B0 /* Pods-FirebaseDataDisplay.debug.xcconfig */ = {isa = PBXFileReference; includeInIndex = 1; lastKnownFileType = text.xcconfig; name = "Pods-FirebaseDataDisplay.debug.xcconfig"; path = "Target Support Files/Pods-FirebaseDataDisplay/Pods-FirebaseDataDisplay.debug.xcconfig"; sourceTree = "<group>"; };
/* End PBXFileReference section */

/* Begin PBXFrameworksBuildPhase section */
		7B0EB111249A47F3008C03FB /* Frameworks */ = {
			isa = PBXFrameworksBuildPhase;
			buildActionMask = 2147483647;
			files = (
				B6224D13CFDAA1E2762FF101 /* Pods_FirebaseDataDisplay.framework in Frameworks */,
			);
			runOnlyForDeploymentPostprocessing = 0;
		};
/* End PBXFrameworksBuildPhase section */

/* Begin PBXGroup section */
		4BC227C76759CA033A237383 /* Frameworks */ = {
			isa = PBXGroup;
			children = (
				60FA753FBE1339521CAE1B7C /* Pods_FirebaseDataDisplay.framework */,
			);
			name = Frameworks;
			sourceTree = "<group>";
		};
		7B0EB10B249A47F3008C03FB = {
			isa = PBXGroup;
			children = (
				7B0EB116249A47F3008C03FB /* FirebaseDataDisplay */,
				7B0EB115249A47F3008C03FB /* Products */,
				FA5EE0B6185948BE5CDA2590 /* Pods */,
				4BC227C76759CA033A237383 /* Frameworks */,
			);
			sourceTree = "<group>";
		};
		7B0EB115249A47F3008C03FB /* Products */ = {
			isa = PBXGroup;
			children = (
				7B0EB114249A47F3008C03FB /* FirebaseDataDisplay.app */,
			);
			name = Products;
			sourceTree = "<group>";
		};
		7B0EB116249A47F3008C03FB /* FirebaseDataDisplay */ = {
			isa = PBXGroup;
			children = (
				7B0EB117249A47F3008C03FB /* AppDelegate.swift */,
				7B0EB119249A47F3008C03FB /* SceneDelegate.swift */,
				7B0EB11B249A47F3008C03FB /* ViewController.swift */,
				7B0EB12D249A49D6008C03FB /* MyTableViewCell.swift */,
				7B0EB12F249A4A34008C03FB /* MyProfilePage.swift */,
				7B0EB11D249A47F3008C03FB /* Main.storyboard */,
				7B0EB120249A47F5008C03FB /* Assets.xcassets */,
				7B0EB12B249A487B008C03FB /* GoogleService-Info.plist */,
				7B0EB122249A47F5008C03FB /* LaunchScreen.storyboard */,
				7B0EB125249A47F5008C03FB /* Info.plist */,
			);
			path = FirebaseDataDisplay;
			sourceTree = "<group>";
		};
		FA5EE0B6185948BE5CDA2590 /* Pods */ = {
			isa = PBXGroup;
			children = (
				CA0BC40E43F385D0B66FC5B0 /* Pods-FirebaseDataDisplay.debug.xcconfig */,
				37154739FAE3BE8AAC94BBB8 /* Pods-FirebaseDataDisplay.release.xcconfig */,
			);
			path = Pods;
			sourceTree = "<group>";
		};
/* End PBXGroup section */

/* Begin PBXNativeTarget section */
		7B0EB113249A47F3008C03FB /* FirebaseDataDisplay */ = {
			isa = PBXNativeTarget;
			buildConfigurationList = 7B0EB128249A47F5008C03FB /* Build configuration list for PBXNativeTarget "FirebaseDataDisplay" */;
			buildPhases = (
				2984FD6CC2755FA8C27E8770 /* [CP] Check Pods Manifest.lock */,
				7B0EB110249A47F3008C03FB /* Sources */,
				7B0EB111249A47F3008C03FB /* Frameworks */,
				7B0EB112249A47F3008C03FB /* Resources */,
				17424F7C5106935099CDD1AE /* [CP] Embed Pods Frameworks */,
			);
			buildRules = (
			);
			dependencies = (
			);
			name = FirebaseDataDisplay;
			productName = FirebaseDataDisplay;
			productReference = 7B0EB114249A47F3008C03FB /* FirebaseDataDisplay.app */;
			productType = "com.apple.product-type.application";
		};
/* End PBXNativeTarget section */

/* Begin PBXProject section */
		7B0EB10C249A47F3008C03FB /* Project object */ = {
			isa = PBXProject;
			attributes = {
				LastSwiftUpdateCheck = 1130;
				LastUpgradeCheck = 1130;
				ORGANIZATIONNAME = "mark me";
				TargetAttributes = {
					7B0EB113249A47F3008C03FB = {
						CreatedOnToolsVersion = 11.3.1;
					};
				};
			};
			buildConfigurationList = 7B0EB10F249A47F3008C03FB /* Build configuration list for PBXProject "FirebaseDataDisplay" */;
			compatibilityVersion = "Xcode 9.3";
			developmentRegion = en;
			hasScannedForEncodings = 0;
			knownRegions = (
				en,
				Base,
			);
			mainGroup = 7B0EB10B249A47F3008C03FB;
			productRefGroup = 7B0EB115249A47F3008C03FB /* Products */;
			projectDirPath = "";
			projectRoot = "";
			targets = (
				7B0EB113249A47F3008C03FB /* FirebaseDataDisplay */,
			);
		};
/* End PBXProject section */

/* Begin PBXResourcesBuildPhase section */
		7B0EB112249A47F3008C03FB /* Resources */ = {
			isa = PBXResourcesBuildPhase;
			buildActionMask = 2147483647;
			files = (
				7B0EB124249A47F5008C03FB /* LaunchScreen.storyboard in Resources */,
				7B0EB12C249A487C008C03FB /* GoogleService-Info.plist in Resources */,
				7B0EB121249A47F5008C03FB /* Assets.xcassets in Resources */,
				7B0EB11F249A47F3008C03FB /* Main.storyboard in Resources */,
			);
			runOnlyForDeploymentPostprocessing = 0;
		};
/* End PBXResourcesBuildPhase section */

/* Begin PBXShellScriptBuildPhase section */
		17424F7C5106935099CDD1AE /* [CP] Embed Pods Frameworks */ = {
			isa = PBXShellScriptBuildPhase;
			buildActionMask = 2147483647;
			files = (
			);
			inputFileListPaths = (
				"${PODS_ROOT}/Target Support Files/Pods-FirebaseDataDisplay/Pods-FirebaseDataDisplay-frameworks-${CONFIGURATION}-input-files.xcfilelist",
			);
			name = "[CP] Embed Pods Frameworks";
			outputFileListPaths = (
				"${PODS_ROOT}/Target Support Files/Pods-FirebaseDataDisplay/Pods-FirebaseDataDisplay-frameworks-${CONFIGURATION}-output-files.xcfilelist",
			);
			runOnlyForDeploymentPostprocessing = 0;
			shellPath = /bin/sh;
			shellScript = "\"${PODS_ROOT}/Target Support Files/Pods-FirebaseDataDisplay/Pods-FirebaseDataDisplay-frameworks.sh\"\n";
			showEnvVarsInLog = 0;
		};
		2984FD6CC2755FA8C27E8770 /* [CP] Check Pods Manifest.lock */ = {
			isa = PBXShellScriptBuildPhase;
			buildActionMask = 2147483647;
			files = (
			);
			inputFileListPaths = (
			);
			inputPaths = (
				"${PODS_PODFILE_DIR_PATH}/Podfile.lock",
				"${PODS_ROOT}/Manifest.lock",
			);
			name = "[CP] Check Pods Manifest.lock";
			outputFileListPaths = (
			);
			outputPaths = (
				"$(DERIVED_FILE_DIR)/Pods-FirebaseDataDisplay-checkManifestLockResult.txt",
			);
			runOnlyForDeploymentPostprocessing = 0;
			shellPath = /bin/sh;
			shellScript = "diff \"${PODS_PODFILE_DIR_PATH}/Podfile.lock\" \"${PODS_ROOT}/Manifest.lock\" > /dev/null\nif [ $? != 0 ] ; then\n    # print error to STDERR\n    echo \"error: The sandbox is not in sync with the Podfile.lock. Run 'pod install' or update your CocoaPods installation.\" >&2\n    exit 1\nfi\n# This output is used by Xcode 'outputs' to avoid re-running this script phase.\necho \"SUCCESS\" > \"${SCRIPT_OUTPUT_FILE_0}\"\n";
			showEnvVarsInLog = 0;
		};
/* End PBXShellScriptBuildPhase section */

/* Begin PBXSourcesBuildPhase section */
		7B0EB110249A47F3008C03FB /* Sources */ = {
			isa = PBXSourcesBuildPhase;
			buildActionMask = 2147483647;
			files = (
				7B0EB130249A4A34008C03FB /* MyProfilePage.swift in Sources */,
				7B0EB11C249A47F3008C03FB /* ViewController.swift in Sources */,
				7B0EB12E249A49D6008C03FB /* MyTableViewCell.swift in Sources */,
				7B0EB118249A47F3008C03FB /* AppDelegate.swift in Sources */,
				7B0EB11A249A47F3008C03FB /* SceneDelegate.swift in Sources */,
			);
			runOnlyForDeploymentPostprocessing = 0;
		};
/* End PBXSourcesBuildPhase section */

/* Begin PBXVariantGroup section */
		7B0EB11D249A47F3008C03FB /* Main.storyboard */ = {
			isa = PBXVariantGroup;
			children = (
				7B0EB11E249A47F3008C03FB /* Base */,
			);
			name = Main.storyboard;
			sourceTree = "<group>";
		};
		7B0EB122249A47F5008C03FB /* LaunchScreen.storyboard */ = {
			isa = PBXVariantGroup;
			children = (
				7B0EB123249A47F5008C03FB /* Base */,
			);
			name = LaunchScreen.storyboard;
			sourceTree = "<group>";
		};
/* End PBXVariantGroup section */

/* Begin XCBuildConfiguration section */
		7B0EB126249A47F5008C03FB /* Debug */ = {
			isa = XCBuildConfiguration;
			buildSettings = {
				ALWAYS_SEARCH_USER_PATHS = NO;
				CLANG_ANALYZER_NONNULL = YES;
				CLANG_ANALYZER_NUMBER_OBJECT_CONVERSION = YES_AGGRESSIVE;
				CLANG_CXX_LANGUAGE_STANDARD = "gnu++14";
				CLANG_CXX_LIBRARY = "libc++";
				CLANG_ENABLE_MODULES = YES;
				CLANG_ENABLE_OBJC_ARC = YES;
				CLANG_ENABLE_OBJC_WEAK = YES;
				CLANG_WARN_BLOCK_CAPTURE_AUTORELEASING = YES;
				CLANG_WARN_BOOL_CONVERSION = YES;
				CLANG_WARN_COMMA = YES;
				CLANG_WARN_CONSTANT_CONVERSION = YES;
				CLANG_WARN_DEPRECATED_OBJC_IMPLEMENTATIONS = YES;
				CLANG_WARN_DIRECT_OBJC_ISA_USAGE = YES_ERROR;
				CLANG_WARN_DOCUMENTATION_COMMENTS = YES;
				CLANG_WARN_EMPTY_BODY = YES;
				CLANG_WARN_ENUM_CONVERSION = YES;
				CLANG_WARN_INFINITE_RECURSION = YES;
				CLANG_WARN_INT_CONVERSION = YES;
				CLANG_WARN_NON_LITERAL_NULL_CONVERSION = YES;
				CLANG_WARN_OBJC_IMPLICIT_RETAIN_SELF = YES;
				CLANG_WARN_OBJC_LITERAL_CONVERSION = YES;
				CLANG_WARN_OBJC_ROOT_CLASS = YES_ERROR;
				CLANG_WARN_RANGE_LOOP_ANALYSIS = YES;
				CLANG_WARN_STRICT_PROTOTYPES = YES;
				CLANG_WARN_SUSPICIOUS_MOVE = YES;
				CLANG_WARN_UNGUARDED_AVAILABILITY = YES_AGGRESSIVE;
				CLANG_WARN_UNREACHABLE_CODE = YES;
				CLANG_WARN__DUPLICATE_METHOD_MATCH = YES;
				COPY_PHASE_STRIP = NO;
				DEBUG_INFORMATION_FORMAT = dwarf;
				ENABLE_STRICT_OBJC_MSGSEND = YES;
				ENABLE_TESTABILITY = YES;
				GCC_C_LANGUAGE_STANDARD = gnu11;
				GCC_DYNAMIC_NO_PIC = NO;
				GCC_NO_COMMON_BLOCKS = YES;
				GCC_OPTIMIZATION_LEVEL = 0;
				GCC_PREPROCESSOR_DEFINITIONS = (
					"DEBUG=1",
					"$(inherited)",
				);
				GCC_WARN_64_TO_32_BIT_CONVERSION = YES;
				GCC_WARN_ABOUT_RETURN_TYPE = YES_ERROR;
				GCC_WARN_UNDECLARED_SELECTOR = YES;
				GCC_WARN_UNINITIALIZED_AUTOS = YES_AGGRESSIVE;
				GCC_WARN_UNUSED_FUNCTION = YES;
				GCC_WARN_UNUSED_VARIABLE = YES;
				IPHONEOS_DEPLOYMENT_TARGET = 13.2;
				MTL_ENABLE_DEBUG_INFO = INCLUDE_SOURCE;
				MTL_FAST_MATH = YES;
				ONLY_ACTIVE_ARCH = YES;
				SDKROOT = iphoneos;
				SWIFT_ACTIVE_COMPILATION_CONDITIONS = DEBUG;
				SWIFT_OPTIMIZATION_LEVEL = "-Onone";
			};
			name = Debug;
		};
		7B0EB127249A47F5008C03FB /* Release */ = {
			isa = XCBuildConfiguration;
			buildSettings = {
				ALWAYS_SEARCH_USER_PATHS = NO;
				CLANG_ANALYZER_NONNULL = YES;
				CLANG_ANALYZER_NUMBER_OBJECT_CONVERSION = YES_AGGRESSIVE;
				CLANG_CXX_LANGUAGE_STANDARD = "gnu++14";
				CLANG_CXX_LIBRARY = "libc++";
				CLANG_ENABLE_MODULES = YES;
				CLANG_ENABLE_OBJC_ARC = YES;
				CLANG_ENABLE_OBJC_WEAK = YES;
				CLANG_WARN_BLOCK_CAPTURE_AUTORELEASING = YES;
				CLANG_WARN_BOOL_CONVERSION = YES;
				CLANG_WARN_COMMA = YES;
				CLANG_WARN_CONSTANT_CONVERSION = YES;
				CLANG_WARN_DEPRECATED_OBJC_IMPLEMENTATIONS = YES;
				CLANG_WARN_DIRECT_OBJC_ISA_USAGE = YES_ERROR;
				CLANG_WARN_DOCUMENTATION_COMMENTS = YES;
				CLANG_WARN_EMPTY_BODY = YES;
				CLANG_WARN_ENUM_CONVERSION = YES;
				CLANG_WARN_INFINITE_RECURSION = YES;
				CLANG_WARN_INT_CONVERSION = YES;
				CLANG_WARN_NON_LITERAL_NULL_CONVERSION = YES;
				CLANG_WARN_OBJC_IMPLICIT_RETAIN_SELF = YES;
				CLANG_WARN_OBJC_LITERAL_CONVERSION = YES;
				CLANG_WARN_OBJC_ROOT_CLASS = YES_ERROR;
				CLANG_WARN_RANGE_LOOP_ANALYSIS = YES;
				CLANG_WARN_STRICT_PROTOTYPES = YES;
				CLANG_WARN_SUSPICIOUS_MOVE = YES;
				CLANG_WARN_UNGUARDED_AVAILABILITY = YES_AGGRESSIVE;
				CLANG_WARN_UNREACHABLE_CODE = YES;
				CLANG_WARN__DUPLICATE_METHOD_MATCH = YES;
				COPY_PHASE_STRIP = NO;
				DEBUG_INFORMATION_FORMAT = "dwarf-with-dsym";
				ENABLE_NS_ASSERTIONS = NO;
				ENABLE_STRICT_OBJC_MSGSEND = YES;
				GCC_C_LANGUAGE_STANDARD = gnu11;
				GCC_NO_COMMON_BLOCKS = YES;
				GCC_WARN_64_TO_32_BIT_CONVERSION = YES;
				GCC_WARN_ABOUT_RETURN_TYPE = YES_ERROR;
				GCC_WARN_UNDECLARED_SELECTOR = YES;
				GCC_WARN_UNINITIALIZED_AUTOS = YES_AGGRESSIVE;
				GCC_WARN_UNUSED_FUNCTION = YES;
				GCC_WARN_UNUSED_VARIABLE = YES;
				IPHONEOS_DEPLOYMENT_TARGET = 13.2;
				MTL_ENABLE_DEBUG_INFO = NO;
				MTL_FAST_MATH = YES;
				SDKROOT = iphoneos;
				SWIFT_COMPILATION_MODE = wholemodule;
				SWIFT_OPTIMIZATION_LEVEL = "-O";
				VALIDATE_PRODUCT = YES;
			};
			name = Release;
		};
		7B0EB129249A47F5008C03FB /* Debug */ = {
			isa = XCBuildConfiguration;
			baseConfigurationReference = CA0BC40E43F385D0B66FC5B0 /* Pods-FirebaseDataDisplay.debug.xcconfig */;
			buildSettings = {
				ASSETCATALOG_COMPILER_APPICON_NAME = AppIcon;
				CODE_SIGN_STYLE = Automatic;
				INFOPLIST_FILE = FirebaseDataDisplay/Info.plist;
				LD_RUNPATH_SEARCH_PATHS = (
					"$(inherited)",
					"@executable_path/Frameworks",
				);
				PRODUCT_BUNDLE_IDENTIFIER = mark.FirebaseDataDisplay;
				PRODUCT_NAME = "$(TARGET_NAME)";
				SWIFT_VERSION = 5.0;
				TARGETED_DEVICE_FAMILY = "1,2";
			};
			name = Debug;
		};
		7B0EB12A249A47F5008C03FB /* Release */ = {
			isa = XCBuildConfiguration;
			baseConfigurationReference = 37154739FAE3BE8AAC94BBB8 /* Pods-FirebaseDataDisplay.release.xcconfig */;
			buildSettings = {
				ASSETCATALOG_COMPILER_APPICON_NAME = AppIcon;
				CODE_SIGN_STYLE = Automatic;
				INFOPLIST_FILE = FirebaseDataDisplay/Info.plist;
				LD_RUNPATH_SEARCH_PATHS = (
					"$(inherited)",
					"@executable_path/Frameworks",
				);
				PRODUCT_BUNDLE_IDENTIFIER = mark.FirebaseDataDisplay;
				PRODUCT_NAME = "$(TARGET_NAME)";
				SWIFT_VERSION = 5.0;
				TARGETED_DEVICE_FAMILY = "1,2";
			};
			name = Release;
		};
/* End XCBuildConfiguration section */

/* Begin XCConfigurationList section */
		7B0EB10F249A47F3008C03FB /* Build configuration list for PBXProject "FirebaseDataDisplay" */ = {
			isa = XCConfigurationList;
			buildConfigurations = (
				7B0EB126249A47F5008C03FB /* Debug */,
				7B0EB127249A47F5008C03FB /* Release */,
			);
			defaultConfigurationIsVisible = 0;
			defaultConfigurationName = Release;
		};
		7B0EB128249A47F5008C03FB /* Build configuration list for PBXNativeTarget "FirebaseDataDisplay" */ = {
			isa = XCConfigurationList;
			buildConfigurations = (
				7B0EB129249A47F5008C03FB /* Debug */,
				7B0EB12A249A47F5008C03FB /* Release */,
			);
			defaultConfigurationIsVisible = 0;
			defaultConfigurationName = Release;
		};
/* End XCConfigurationList section */
	};
	rootObject = 7B0EB10C249A47F3008C03FB /* Project object */;
}
